
Microsoft Visual Studio Solution File, Format Version 12.00
# Visual Studio Version 16
VisualStudioVersion = 16.0.31410.357
MinimumVisualStudioVersion = 10.0.40219.1
Project("{FAE04EC0-301F-11D3-BF4B-00C04F79EFBC}") = "FactoryDesignPattern", "FactoryDesignPattern.csproj", "{3C33989C-C9F3-426B-84CC-3CA5CECFE7AF}"
EndProject
Global
	GlobalSection(SolutionConfigurationPlatforms) = preSolution
		Debug|Any CPU = Debug|Any CPU
		Release|Any CPU = Release|Any CPU
	EndGlobalSection
	GlobalSection(ProjectConfigurationPlatforms) = postSolution
		{3C33989C-C9F3-426B-84CC-3CA5CECFE7AF}.Debug|Any CPU.ActiveCfg = Debug|Any CPU
		{3C33989C-C9F3-426B-84CC-3CA5CECFE7AF}.Debug|Any CPU.Build.0 = Debug|Any CPU
		{3C33989C-C9F3-426B-84CC-3CA5CECFE7AF}.Release|Any CPU.ActiveCfg = Release|Any CPU
		{3C33989C-C9F3-426B-84CC-3CA5CECFE7AF}.Release|Any CPU.Build.0 = Release|Any CPU
	EndGlobalSection
	GlobalSection(SolutionProperties) = preSolution
		HideSolutionNode = FALSE
	EndGlobalSection
	GlobalSection(ExtensibilityGlobals) = postSolution
		SolutionGuid = {ACBA4BEE-610C-4D89-AEB6-30133BBCB6A9}
	EndGlobalSection
EndGlobal
